
Microsoft Visual Studio Solution File, Format Version 12.00
# Visual Studio 15
Project("{FAE04EC0-301F-11D3-BF4B-00C04F79EFBC}") = "Assembly-CSharp", "Assembly-CSharp.csproj", "{31362DE4-7E10-EDD9-5CBC-BA7B75CAB31C}"
EndProject
Project("{FAE04EC0-301F-11D3-BF4B-00C04F79EFBC}") = "Assembly-CSharp-Editor", "Assembly-CSharp-Editor.csproj", "{F0837D68-DD46-6987-8A4C-11E10AB1FD12}"
EndProject
Global
	GlobalSection(SolutionConfigurationPlatforms) = preSolution
		Debug|Any CPU = Debug|Any CPU
		Release|Any CPU = Release|Any CPU
	EndGlobalSection
	GlobalSection(ProjectConfigurationPlatforms) = postSolution
		{31362DE4-7E10-EDD9-5CBC-BA7B75CAB31C}.Debug|Any CPU.ActiveCfg = Debug|Any CPU
		{31362DE4-7E10-EDD9-5CBC-BA7B75CAB31C}.Debug|Any CPU.Build.0 = Debug|Any CPU
		{31362DE4-7E10-EDD9-5CBC-BA7B75CAB31C}.Release|Any CPU.ActiveCfg = Release|Any CPU
		{31362DE4-7E10-EDD9-5CBC-BA7B75CAB31C}.Release|Any CPU.Build.0 = Release|Any CPU
		{F0837D68-DD46-6987-8A4C-11E10AB1FD12}.Debug|Any CPU.ActiveCfg = Debug|Any CPU
		{F0837D68-DD46-6987-8A4C-11E10AB1FD12}.Debug|Any CPU.Build.0 = Debug|Any CPU
		{F0837D68-DD46-6987-8A4C-11E10AB1FD12}.Release|Any CPU.ActiveCfg = Release|Any CPU
		{F0837D68-DD46-6987-8A4C-11E10AB1FD12}.Release|Any CPU.Build.0 = Release|Any CPU
	EndGlobalSection
	GlobalSection(SolutionProperties) = preSolution
		HideSolutionNode = FALSE
	EndGlobalSection
EndGlobal
